// !$*UTF8*$!
{
	archiveVersion = 1;
	classes = {
	};
	objectVersion = 56;
	objects = {

/* Begin PBXBuildFile section */
		6183B1642BECD4510008EF1E /* Assets.xcassets in Resources */ = {isa = PBXBuildFile; fileRef = 6183B1632BECD4510008EF1E /* Assets.xcassets */; };
		6183B1672BECD4510008EF1E /* Preview Assets.xcassets in Resources */ = {isa = PBXBuildFile; fileRef = 6183B1662BECD4510008EF1E /* Preview Assets.xcassets */; };
		6183B1722BECD4510008EF1E /* lyricsTests.swift in Sources */ = {isa = PBXBuildFile; fileRef = 6183B1712BECD4510008EF1E /* lyricsTests.swift */; };
		6183B17C2BECD4510008EF1E /* lyricsUITests.swift in Sources */ = {isa = PBXBuildFile; fileRef = 6183B17B2BECD4510008EF1E /* lyricsUITests.swift */; };
		6183B17E2BECD4510008EF1E /* lyricsUITestsLaunchTests.swift in Sources */ = {isa = PBXBuildFile; fileRef = 6183B17D2BECD4510008EF1E /* lyricsUITestsLaunchTests.swift */; };
		6183B1982BED10E30008EF1E /* SpotifyScripting.swift in Sources */ = {isa = PBXBuildFile; fileRef = 6183B1972BED10E30008EF1E /* SpotifyScripting.swift */; };
		61BD8EE42BF1B584007C8339 /* KugouKrcDecrypter.swift in Sources */ = {isa = PBXBuildFile; fileRef = 61BD8EE32BF1B584007C8339 /* KugouKrcDecrypter.swift */; };
		61BD8EEA2BF1D71B007C8339 /* Gzip in Frameworks */ = {isa = PBXBuildFile; productRef = 61BD8EE92BF1D71B007C8339 /* Gzip */; };
		61E15A1C2BF107E600B40B68 /* lyricsApp.swift in Sources */ = {isa = PBXBuildFile; fileRef = 6183B15F2BECD44F0008EF1E /* lyricsApp.swift */; };
/* End PBXBuildFile section */

/* Begin PBXContainerItemProxy section */
		6183B16E2BECD4510008EF1E /* PBXContainerItemProxy */ = {
			isa = PBXContainerItemProxy;
			containerPortal = 6183B1542BECD44F0008EF1E /* Project object */;
			proxyType = 1;
			remoteGlobalIDString = 6183B15B2BECD44F0008EF1E;
			remoteInfo = lyrics;
		};
		6183B1782BECD4510008EF1E /* PBXContainerItemProxy */ = {
			isa = PBXContainerItemProxy;
			containerPortal = 6183B1542BECD44F0008EF1E /* Project object */;
			proxyType = 1;
			remoteGlobalIDString = 6183B15B2BECD44F0008EF1E;
			remoteInfo = lyrics;
		};
/* End PBXContainerItemProxy section */

/* Begin PBXFileReference section */
		615C59852BEF62BB00D81B37 /* Info.plist */ = {isa = PBXFileReference; lastKnownFileType = text.plist; path = Info.plist; sourceTree = "<group>"; };
		6183B15C2BECD44F0008EF1E /* lyrics.app */ = {isa = PBXFileReference; explicitFileType = wrapper.application; includeInIndex = 0; path = lyrics.app; sourceTree = BUILT_PRODUCTS_DIR; };
		6183B15F2BECD44F0008EF1E /* lyricsApp.swift */ = {isa = PBXFileReference; lastKnownFileType = sourcecode.swift; path = lyricsApp.swift; sourceTree = "<group>"; };
		6183B1632BECD4510008EF1E /* Assets.xcassets */ = {isa = PBXFileReference; lastKnownFileType = folder.assetcatalog; path = Assets.xcassets; sourceTree = "<group>"; };
		6183B1662BECD4510008EF1E /* Preview Assets.xcassets */ = {isa = PBXFileReference; lastKnownFileType = folder.assetcatalog; path = "Preview Assets.xcassets"; sourceTree = "<group>"; };
		6183B1682BECD4510008EF1E /* lyrics.entitlements */ = {isa = PBXFileReference; lastKnownFileType = text.plist.entitlements; path = lyrics.entitlements; sourceTree = "<group>"; };
		6183B16D2BECD4510008EF1E /* lyricsTests.xctest */ = {isa = PBXFileReference; explicitFileType = wrapper.cfbundle; includeInIndex = 0; path = lyricsTests.xctest; sourceTree = BUILT_PRODUCTS_DIR; };
		6183B1712BECD4510008EF1E /* lyricsTests.swift */ = {isa = PBXFileReference; lastKnownFileType = sourcecode.swift; path = lyricsTests.swift; sourceTree = "<group>"; };
		6183B1772BECD4510008EF1E /* lyricsUITests.xctest */ = {isa = PBXFileReference; explicitFileType = wrapper.cfbundle; includeInIndex = 0; path = lyricsUITests.xctest; sourceTree = BUILT_PRODUCTS_DIR; };
		6183B17B2BECD4510008EF1E /* lyricsUITests.swift */ = {isa = PBXFileReference; lastKnownFileType = sourcecode.swift; path = lyricsUITests.swift; sourceTree = "<group>"; };
		6183B17D2BECD4510008EF1E /* lyricsUITestsLaunchTests.swift */ = {isa = PBXFileReference; lastKnownFileType = sourcecode.swift; path = lyricsUITestsLaunchTests.swift; sourceTree = "<group>"; };
		6183B1972BED10E30008EF1E /* SpotifyScripting.swift */ = {isa = PBXFileReference; lastKnownFileType = sourcecode.swift; path = SpotifyScripting.swift; sourceTree = "<group>"; };
		61BD8EE32BF1B584007C8339 /* KugouKrcDecrypter.swift */ = {isa = PBXFileReference; lastKnownFileType = sourcecode.swift; path = KugouKrcDecrypter.swift; sourceTree = "<group>"; };
/* End PBXFileReference section */

/* Begin PBXFrameworksBuildPhase section */
		6183B1592BECD44F0008EF1E /* Frameworks */ = {
			isa = PBXFrameworksBuildPhase;
			buildActionMask = 2147483647;
			files = (
				61BD8EEA2BF1D71B007C8339 /* Gzip in Frameworks */,
			);
			runOnlyForDeploymentPostprocessing = 0;
		};
		6183B16A2BECD4510008EF1E /* Frameworks */ = {
			isa = PBXFrameworksBuildPhase;
			buildActionMask = 2147483647;
			files = (
			);
			runOnlyForDeploymentPostprocessing = 0;
		};
		6183B1742BECD4510008EF1E /* Frameworks */ = {
			isa = PBXFrameworksBuildPhase;
			buildActionMask = 2147483647;
			files = (
			);
			runOnlyForDeploymentPostprocessing = 0;
		};
/* End PBXFrameworksBuildPhase section */

/* Begin PBXGroup section */
		6183B1532BECD44F0008EF1E = {
			isa = PBXGroup;
			children = (
				6183B15E2BECD44F0008EF1E /* lyrics */,
				6183B1702BECD4510008EF1E /* lyricsTests */,
				6183B17A2BECD4510008EF1E /* lyricsUITests */,
				6183B15D2BECD44F0008EF1E /* Products */,
			);
			sourceTree = "<group>";
		};
		6183B15D2BECD44F0008EF1E /* Products */ = {
			isa = PBXGroup;
			children = (
				6183B15C2BECD44F0008EF1E /* lyrics.app */,
				6183B16D2BECD4510008EF1E /* lyricsTests.xctest */,
				6183B1772BECD4510008EF1E /* lyricsUITests.xctest */,
			);
			name = Products;
			sourceTree = "<group>";
		};
		6183B15E2BECD44F0008EF1E /* lyrics */ = {
			isa = PBXGroup;
			children = (
				615C59852BEF62BB00D81B37 /* Info.plist */,
				6183B15F2BECD44F0008EF1E /* lyricsApp.swift */,
				6183B1632BECD4510008EF1E /* Assets.xcassets */,
				6183B1682BECD4510008EF1E /* lyrics.entitlements */,
				6183B1652BECD4510008EF1E /* Preview Content */,
				6183B1972BED10E30008EF1E /* SpotifyScripting.swift */,
				61BD8EE32BF1B584007C8339 /* KugouKrcDecrypter.swift */,
			);
			path = lyrics;
			sourceTree = "<group>";
		};
		6183B1652BECD4510008EF1E /* Preview Content */ = {
			isa = PBXGroup;
			children = (
				6183B1662BECD4510008EF1E /* Preview Assets.xcassets */,
			);
			path = "Preview Content";
			sourceTree = "<group>";
		};
		6183B1702BECD4510008EF1E /* lyricsTests */ = {
			isa = PBXGroup;
			children = (
				6183B1712BECD4510008EF1E /* lyricsTests.swift */,
			);
			path = lyricsTests;
			sourceTree = "<group>";
		};
		6183B17A2BECD4510008EF1E /* lyricsUITests */ = {
			isa = PBXGroup;
			children = (
				6183B17B2BECD4510008EF1E /* lyricsUITests.swift */,
				6183B17D2BECD4510008EF1E /* lyricsUITestsLaunchTests.swift */,
			);
			path = lyricsUITests;
			sourceTree = "<group>";
		};
/* End PBXGroup section */

/* Begin PBXNativeTarget section */
		6183B15B2BECD44F0008EF1E /* lyrics */ = {
			isa = PBXNativeTarget;
			buildConfigurationList = 6183B1812BECD4510008EF1E /* Build configuration list for PBXNativeTarget "lyrics" */;
			buildPhases = (
				6183B1582BECD44F0008EF1E /* Sources */,
				6183B1592BECD44F0008EF1E /* Frameworks */,
				6183B15A2BECD44F0008EF1E /* Resources */,
			);
			buildRules = (
			);
			dependencies = (
			);
			name = lyrics;
			packageProductDependencies = (
				61BD8EE92BF1D71B007C8339 /* Gzip */,
			);
			productName = lyrics;
			productReference = 6183B15C2BECD44F0008EF1E /* lyrics.app */;
			productType = "com.apple.product-type.application";
		};
		6183B16C2BECD4510008EF1E /* lyricsTests */ = {
			isa = PBXNativeTarget;
			buildConfigurationList = 6183B1842BECD4510008EF1E /* Build configuration list for PBXNativeTarget "lyricsTests" */;
			buildPhases = (
				6183B1692BECD4510008EF1E /* Sources */,
				6183B16A2BECD4510008EF1E /* Frameworks */,
				6183B16B2BECD4510008EF1E /* Resources */,
			);
			buildRules = (
			);
			dependencies = (
				6183B16F2BECD4510008EF1E /* PBXTargetDependency */,
			);
			name = lyricsTests;
			productName = lyricsTests;
			productReference = 6183B16D2BECD4510008EF1E /* lyricsTests.xctest */;
			productType = "com.apple.product-type.bundle.unit-test";
		};
		6183B1762BECD4510008EF1E /* lyricsUITests */ = {
			isa = PBXNativeTarget;
			buildConfigurationList = 6183B1872BECD4510008EF1E /* Build configuration list for PBXNativeTarget "lyricsUITests" */;
			buildPhases = (
				6183B1732BECD4510008EF1E /* Sources */,
				6183B1742BECD4510008EF1E /* Frameworks */,
				6183B1752BECD4510008EF1E /* Resources */,
			);
			buildRules = (
			);
			dependencies = (
				6183B1792BECD4510008EF1E /* PBXTargetDependency */,
			);
			name = lyricsUITests;
			productName = lyricsUITests;
			productReference = 6183B1772BECD4510008EF1E /* lyricsUITests.xctest */;
			productType = "com.apple.product-type.bundle.ui-testing";
		};
/* End PBXNativeTarget section */

/* Begin PBXProject section */
		6183B1542BECD44F0008EF1E /* Project object */ = {
			isa = PBXProject;
			attributes = {
				BuildIndependentTargetsInParallel = 1;
				LastSwiftUpdateCheck = 1530;
				LastUpgradeCheck = 1530;
				TargetAttributes = {
					6183B15B2BECD44F0008EF1E = {
						CreatedOnToolsVersion = 15.3;
					};
					6183B16C2BECD4510008EF1E = {
						CreatedOnToolsVersion = 15.3;
						TestTargetID = 6183B15B2BECD44F0008EF1E;
					};
					6183B1762BECD4510008EF1E = {
						CreatedOnToolsVersion = 15.3;
						TestTargetID = 6183B15B2BECD44F0008EF1E;
					};
				};
			};
			buildConfigurationList = 6183B1572BECD44F0008EF1E /* Build configuration list for PBXProject "lyrics" */;
			compatibilityVersion = "Xcode 14.0";
			developmentRegion = en;
			hasScannedForEncodings = 0;
			knownRegions = (
				en,
				Base,
			);
			mainGroup = 6183B1532BECD44F0008EF1E;
			packageReferences = (
				61BD8EE82BF1D71B007C8339 /* XCRemoteSwiftPackageReference "GzipSwift" */,
			);
			productRefGroup = 6183B15D2BECD44F0008EF1E /* Products */;
			projectDirPath = "";
			projectRoot = "";
			targets = (
				6183B15B2BECD44F0008EF1E /* lyrics */,
				6183B16C2BECD4510008EF1E /* lyricsTests */,
				6183B1762BECD4510008EF1E /* lyricsUITests */,
			);
		};
/* End PBXProject section */

/* Begin PBXResourcesBuildPhase section */
		6183B15A2BECD44F0008EF1E /* Resources */ = {
			isa = PBXResourcesBuildPhase;
			buildActionMask = 2147483647;
			files = (
				6183B1672BECD4510008EF1E /* Preview Assets.xcassets in Resources */,
				6183B1642BECD4510008EF1E /* Assets.xcassets in Resources */,
			);
			runOnlyForDeploymentPostprocessing = 0;
		};
		6183B16B2BECD4510008EF1E /* Resources */ = {
			isa = PBXResourcesBuildPhase;
			buildActionMask = 2147483647;
			files = (
			);
			runOnlyForDeploymentPostprocessing = 0;
		};
		6183B1752BECD4510008EF1E /* Resources */ = {
			isa = PBXResourcesBuildPhase;
			buildActionMask = 2147483647;
			files = (
			);
			runOnlyForDeploymentPostprocessing = 0;
		};
/* End PBXResourcesBuildPhase section */

/* Begin PBXSourcesBuildPhase section */
		6183B1582BECD44F0008EF1E /* Sources */ = {
			isa = PBXSourcesBuildPhase;
			buildActionMask = 2147483647;
			files = (
				6183B1982BED10E30008EF1E /* SpotifyScripting.swift in Sources */,
				61BD8EE42BF1B584007C8339 /* KugouKrcDecrypter.swift in Sources */,
				61E15A1C2BF107E600B40B68 /* lyricsApp.swift in Sources */,
			);
			runOnlyForDeploymentPostprocessing = 0;
		};
		6183B1692BECD4510008EF1E /* Sources */ = {
			isa = PBXSourcesBuildPhase;
			buildActionMask = 2147483647;
			files = (
				6183B1722BECD4510008EF1E /* lyricsTests.swift in Sources */,
			);
			runOnlyForDeploymentPostprocessing = 0;
		};
		6183B1732BECD4510008EF1E /* Sources */ = {
			isa = PBXSourcesBuildPhase;
			buildActionMask = 2147483647;
			files = (
				6183B17E2BECD4510008EF1E /* lyricsUITestsLaunchTests.swift in Sources */,
				6183B17C2BECD4510008EF1E /* lyricsUITests.swift in Sources */,
			);
			runOnlyForDeploymentPostprocessing = 0;
		};
/* End PBXSourcesBuildPhase section */

/* Begin PBXTargetDependency section */
		6183B16F2BECD4510008EF1E /* PBXTargetDependency */ = {
			isa = PBXTargetDependency;
			target = 6183B15B2BECD44F0008EF1E /* lyrics */;
			targetProxy = 6183B16E2BECD4510008EF1E /* PBXContainerItemProxy */;
		};
		6183B1792BECD4510008EF1E /* PBXTargetDependency */ = {
			isa = PBXTargetDependency;
			target = 6183B15B2BECD44F0008EF1E /* lyrics */;
			targetProxy = 6183B1782BECD4510008EF1E /* PBXContainerItemProxy */;
		};
/* End PBXTargetDependency section */

/* Begin XCBuildConfiguration section */
		6183B17F2BECD4510008EF1E /* Debug */ = {
			isa = XCBuildConfiguration;
			buildSettings = {
				ALWAYS_SEARCH_USER_PATHS = NO;
				ASSETCATALOG_COMPILER_GENERATE_SWIFT_ASSET_SYMBOL_EXTENSIONS = YES;
				CLANG_ANALYZER_NONNULL = YES;
				CLANG_ANALYZER_NUMBER_OBJECT_CONVERSION = YES_AGGRESSIVE;
				CLANG_CXX_LANGUAGE_STANDARD = "gnu++20";
				CLANG_ENABLE_MODULES = YES;
				CLANG_ENABLE_OBJC_ARC = YES;
				CLANG_ENABLE_OBJC_WEAK = YES;
				CLANG_WARN_BLOCK_CAPTURE_AUTORELEASING = YES;
				CLANG_WARN_BOOL_CONVERSION = YES;
				CLANG_WARN_COMMA = YES;
				CLANG_WARN_CONSTANT_CONVERSION = YES;
				CLANG_WARN_DEPRECATED_OBJC_IMPLEMENTATIONS = YES;
				CLANG_WARN_DIRECT_OBJC_ISA_USAGE = YES_ERROR;
				CLANG_WARN_DOCUMENTATION_COMMENTS = YES;
				CLANG_WARN_EMPTY_BODY = YES;
				CLANG_WARN_ENUM_CONVERSION = YES;
				CLANG_WARN_INFINITE_RECURSION = YES;
				CLANG_WARN_INT_CONVERSION = YES;
				CLANG_WARN_NON_LITERAL_NULL_CONVERSION = YES;
				CLANG_WARN_OBJC_IMPLICIT_RETAIN_SELF = YES;
				CLANG_WARN_OBJC_LITERAL_CONVERSION = YES;
				CLANG_WARN_OBJC_ROOT_CLASS = YES_ERROR;
				CLANG_WARN_QUOTED_INCLUDE_IN_FRAMEWORK_HEADER = YES;
				CLANG_WARN_RANGE_LOOP_ANALYSIS = YES;
				CLANG_WARN_STRICT_PROTOTYPES = YES;
				CLANG_WARN_SUSPICIOUS_MOVE = YES;
				CLANG_WARN_UNGUARDED_AVAILABILITY = YES_AGGRESSIVE;
				CLANG_WARN_UNREACHABLE_CODE = YES;
				CLANG_WARN__DUPLICATE_METHOD_MATCH = YES;
				COPY_PHASE_STRIP = NO;
				DEBUG_INFORMATION_FORMAT = dwarf;
				ENABLE_STRICT_OBJC_MSGSEND = YES;
				ENABLE_TESTABILITY = YES;
				ENABLE_USER_SCRIPT_SANDBOXING = YES;
				GCC_C_LANGUAGE_STANDARD = gnu17;
				GCC_DYNAMIC_NO_PIC = NO;
				GCC_NO_COMMON_BLOCKS = YES;
				GCC_OPTIMIZATION_LEVEL = 0;
				GCC_PREPROCESSOR_DEFINITIONS = (
					"DEBUG=1",
					"$(inherited)",
				);
				GCC_WARN_64_TO_32_BIT_CONVERSION = YES;
				GCC_WARN_ABOUT_RETURN_TYPE = YES_ERROR;
				GCC_WARN_UNDECLARED_SELECTOR = YES;
				GCC_WARN_UNINITIALIZED_AUTOS = YES_AGGRESSIVE;
				GCC_WARN_UNUSED_FUNCTION = YES;
				GCC_WARN_UNUSED_VARIABLE = YES;
				LOCALIZATION_PREFERS_STRING_CATALOGS = YES;
				MACOSX_DEPLOYMENT_TARGET = 14.4;
				MTL_ENABLE_DEBUG_INFO = INCLUDE_SOURCE;
				MTL_FAST_MATH = YES;
				ONLY_ACTIVE_ARCH = YES;
				SDKROOT = macosx;
				SWIFT_ACTIVE_COMPILATION_CONDITIONS = "DEBUG $(inherited)";
				SWIFT_OPTIMIZATION_LEVEL = "-Onone";
			};
			name = Debug;
		};
		6183B1802BECD4510008EF1E /* Release */ = {
			isa = XCBuildConfiguration;
			buildSettings = {
				ALWAYS_SEARCH_USER_PATHS = NO;
				ASSETCATALOG_COMPILER_GENERATE_SWIFT_ASSET_SYMBOL_EXTENSIONS = YES;
				CLANG_ANALYZER_NONNULL = YES;
				CLANG_ANALYZER_NUMBER_OBJECT_CONVERSION = YES_AGGRESSIVE;
				CLANG_CXX_LANGUAGE_STANDARD = "gnu++20";
				CLANG_ENABLE_MODULES = YES;
				CLANG_ENABLE_OBJC_ARC = YES;
				CLANG_ENABLE_OBJC_WEAK = YES;
				CLANG_WARN_BLOCK_CAPTURE_AUTORELEASING = YES;
				CLANG_WARN_BOOL_CONVERSION = YES;
				CLANG_WARN_COMMA = YES;
				CLANG_WARN_CONSTANT_CONVERSION = YES;
				CLANG_WARN_DEPRECATED_OBJC_IMPLEMENTATIONS = YES;
				CLANG_WARN_DIRECT_OBJC_ISA_USAGE = YES_ERROR;
				CLANG_WARN_DOCUMENTATION_COMMENTS = YES;
				CLANG_WARN_EMPTY_BODY = YES;
				CLANG_WARN_ENUM_CONVERSION = YES;
				CLANG_WARN_INFINITE_RECURSION = YES;
				CLANG_WARN_INT_CONVERSION = YES;
				CLANG_WARN_NON_LITERAL_NULL_CONVERSION = YES;
				CLANG_WARN_OBJC_IMPLICIT_RETAIN_SELF = YES;
				CLANG_WARN_OBJC_LITERAL_CONVERSION = YES;
				CLANG_WARN_OBJC_ROOT_CLASS = YES_ERROR;
				CLANG_WARN_QUOTED_INCLUDE_IN_FRAMEWORK_HEADER = YES;
				CLANG_WARN_RANGE_LOOP_ANALYSIS = YES;
				CLANG_WARN_STRICT_PROTOTYPES = YES;
				CLANG_WARN_SUSPICIOUS_MOVE = YES;
				CLANG_WARN_UNGUARDED_AVAILABILITY = YES_AGGRESSIVE;
				CLANG_WARN_UNREACHABLE_CODE = YES;
				CLANG_WARN__DUPLICATE_METHOD_MATCH = YES;
				COPY_PHASE_STRIP = NO;
				DEBUG_INFORMATION_FORMAT = "dwarf-with-dsym";
				ENABLE_NS_ASSERTIONS = NO;
				ENABLE_STRICT_OBJC_MSGSEND = YES;
				ENABLE_USER_SCRIPT_SANDBOXING = YES;
				GCC_C_LANGUAGE_STANDARD = gnu17;
				GCC_NO_COMMON_BLOCKS = YES;
				GCC_WARN_64_TO_32_BIT_CONVERSION = YES;
				GCC_WARN_ABOUT_RETURN_TYPE = YES_ERROR;
				GCC_WARN_UNDECLARED_SELECTOR = YES;
				GCC_WARN_UNINITIALIZED_AUTOS = YES_AGGRESSIVE;
				GCC_WARN_UNUSED_FUNCTION = YES;
				GCC_WARN_UNUSED_VARIABLE = YES;
				LOCALIZATION_PREFERS_STRING_CATALOGS = YES;
				MACOSX_DEPLOYMENT_TARGET = 14.4;
				MTL_ENABLE_DEBUG_INFO = NO;
				MTL_FAST_MATH = YES;
				SDKROOT = macosx;
				SWIFT_COMPILATION_MODE = wholemodule;
			};
			name = Release;
		};
		6183B1822BECD4510008EF1E /* Debug */ = {
			isa = XCBuildConfiguration;
			buildSettings = {
				ASSETCATALOG_COMPILER_APPICON_NAME = AppIcon;
				ASSETCATALOG_COMPILER_GLOBAL_ACCENT_COLOR_NAME = AccentColor;
				CODE_SIGN_ENTITLEMENTS = lyrics/lyrics.entitlements;
				CODE_SIGN_STYLE = Automatic;
				COMBINE_HIDPI_IMAGES = YES;
				CURRENT_PROJECT_VERSION = 1;
				DEVELOPMENT_ASSET_PATHS = "\"lyrics/Preview Content\"";
				DEVELOPMENT_TEAM = D8258MLS74;
				ENABLE_HARDENED_RUNTIME = YES;
				ENABLE_PREVIEWS = YES;
				GENERATE_INFOPLIST_FILE = YES;
				INFOPLIST_FILE = lyrics/Info.plist;
				INFOPLIST_KEY_LSUIElement = YES;
				INFOPLIST_KEY_NSAppleEventsUsageDescription = "I need to access Spotify / Apple Music to play the lyrics properly.";
				INFOPLIST_KEY_NSHumanReadableCopyright = "";
				LD_RUNPATH_SEARCH_PATHS = (
					"$(inherited)",
					"@executable_path/../Frameworks",
				);
				MARKETING_VERSION = 1.0;
				PRODUCT_BUNDLE_IDENTIFIER = like.ai.lyrics;
				PRODUCT_NAME = "$(TARGET_NAME)";
				SWIFT_EMIT_LOC_STRINGS = YES;
				SWIFT_VERSION = 5.0;
			};
			name = Debug;
		};
		6183B1832BECD4510008EF1E /* Release */ = {
			isa = XCBuildConfiguration;
			buildSettings = {
				ASSETCATALOG_COMPILER_APPICON_NAME = AppIcon;
				ASSETCATALOG_COMPILER_GLOBAL_ACCENT_COLOR_NAME = AccentColor;
				CODE_SIGN_ENTITLEMENTS = lyrics/lyrics.entitlements;
				CODE_SIGN_STYLE = Automatic;
				COMBINE_HIDPI_IMAGES = YES;
				CURRENT_PROJECT_VERSION = 1;
				DEVELOPMENT_ASSET_PATHS = "\"lyrics/Preview Content\"";
				DEVELOPMENT_TEAM = D8258MLS74;
				ENABLE_HARDENED_RUNTIME = YES;
				ENABLE_PREVIEWS = YES;
				GENERATE_INFOPLIST_FILE = YES;
				INFOPLIST_FILE = lyrics/Info.plist;
				INFOPLIST_KEY_LSUIElement = YES;
				INFOPLIST_KEY_NSAppleEventsUsageDescription = "I need to access Spotify / Apple Music to play the lyrics properly.";
				INFOPLIST_KEY_NSHumanReadableCopyright = "";
				LD_RUNPATH_SEARCH_PATHS = (
					"$(inherited)",
					"@executable_path/../Frameworks",
				);
				MARKETING_VERSION = 1.0;
				PRODUCT_BUNDLE_IDENTIFIER = like.ai.lyrics;
				PRODUCT_NAME = "$(TARGET_NAME)";
				SWIFT_EMIT_LOC_STRINGS = YES;
				SWIFT_VERSION = 5.0;
			};
			name = Release;
		};
		6183B1852BECD4510008EF1E /* Debug */ = {
			isa = XCBuildConfiguration;
			buildSettings = {
				ALWAYS_EMBED_SWIFT_STANDARD_LIBRARIES = YES;
				BUNDLE_LOADER = "$(TEST_HOST)";
				CODE_SIGN_STYLE = Automatic;
				CURRENT_PROJECT_VERSION = 1;
				DEVELOPMENT_TEAM = D8258MLS74;
				GENERATE_INFOPLIST_FILE = YES;
				MACOSX_DEPLOYMENT_TARGET = 14.4;
				MARKETING_VERSION = 1.0;
				PRODUCT_BUNDLE_IDENTIFIER = like.ai.lyricsTests;
				PRODUCT_NAME = "$(TARGET_NAME)";
				SWIFT_EMIT_LOC_STRINGS = NO;
				SWIFT_VERSION = 5.0;
				TEST_HOST = "$(BUILT_PRODUCTS_DIR)/lyrics.app/$(BUNDLE_EXECUTABLE_FOLDER_PATH)/lyrics";
			};
			name = Debug;
		};
		6183B1862BECD4510008EF1E /* Release */ = {
			isa = XCBuildConfiguration;
			buildSettings = {
				ALWAYS_EMBED_SWIFT_STANDARD_LIBRARIES = YES;
				BUNDLE_LOADER = "$(TEST_HOST)";
				CODE_SIGN_STYLE = Automatic;
				CURRENT_PROJECT_VERSION = 1;
				DEVELOPMENT_TEAM = D8258MLS74;
				GENERATE_INFOPLIST_FILE = YES;
				MACOSX_DEPLOYMENT_TARGET = 14.4;
				MARKETING_VERSION = 1.0;
				PRODUCT_BUNDLE_IDENTIFIER = like.ai.lyricsTests;
				PRODUCT_NAME = "$(TARGET_NAME)";
				SWIFT_EMIT_LOC_STRINGS = NO;
				SWIFT_VERSION = 5.0;
				TEST_HOST = "$(BUILT_PRODUCTS_DIR)/lyrics.app/$(BUNDLE_EXECUTABLE_FOLDER_PATH)/lyrics";
			};
			name = Release;
		};
		6183B1882BECD4510008EF1E /* Debug */ = {
			isa = XCBuildConfiguration;
			buildSettings = {
				ALWAYS_EMBED_SWIFT_STANDARD_LIBRARIES = YES;
				CODE_SIGN_STYLE = Automatic;
				CURRENT_PROJECT_VERSION = 1;
				DEVELOPMENT_TEAM = D8258MLS74;
				GENERATE_INFOPLIST_FILE = YES;
				MARKETING_VERSION = 1.0;
				PRODUCT_BUNDLE_IDENTIFIER = like.ai.lyricsUITests;
				PRODUCT_NAME = "$(TARGET_NAME)";
				SWIFT_EMIT_LOC_STRINGS = NO;
				SWIFT_VERSION = 5.0;
				TEST_TARGET_NAME = lyrics;
			};
			name = Debug;
		};
		6183B1892BECD4510008EF1E /* Release */ = {
			isa = XCBuildConfiguration;
			buildSettings = {
				ALWAYS_EMBED_SWIFT_STANDARD_LIBRARIES = YES;
				CODE_SIGN_STYLE = Automatic;
				CURRENT_PROJECT_VERSION = 1;
				DEVELOPMENT_TEAM = D8258MLS74;
				GENERATE_INFOPLIST_FILE = YES;
				MARKETING_VERSION = 1.0;
				PRODUCT_BUNDLE_IDENTIFIER = like.ai.lyricsUITests;
				PRODUCT_NAME = "$(TARGET_NAME)";
				SWIFT_EMIT_LOC_STRINGS = NO;
				SWIFT_VERSION = 5.0;
				TEST_TARGET_NAME = lyrics;
			};
			name = Release;
		};
/* End XCBuildConfiguration section */

/* Begin XCConfigurationList section */
		6183B1572BECD44F0008EF1E /* Build configuration list for PBXProject "lyrics" */ = {
			isa = XCConfigurationList;
			buildConfigurations = (
				6183B17F2BECD4510008EF1E /* Debug */,
				6183B1802BECD4510008EF1E /* Release */,
			);
			defaultConfigurationIsVisible = 0;
			defaultConfigurationName = Release;
		};
		6183B1812BECD4510008EF1E /* Build configuration list for PBXNativeTarget "lyrics" */ = {
			isa = XCConfigurationList;
			buildConfigurations = (
				6183B1822BECD4510008EF1E /* Debug */,
				6183B1832BECD4510008EF1E /* Release */,
			);
			defaultConfigurationIsVisible = 0;
			defaultConfigurationName = Release;
		};
		6183B1842BECD4510008EF1E /* Build configuration list for PBXNativeTarget "lyricsTests" */ = {
			isa = XCConfigurationList;
			buildConfigurations = (
				6183B1852BECD4510008EF1E /* Debug */,
				6183B1862BECD4510008EF1E /* Release */,
			);
			defaultConfigurationIsVisible = 0;
			defaultConfigurationName = Release;
		};
		6183B1872BECD4510008EF1E /* Build configuration list for PBXNativeTarget "lyricsUITests" */ = {
			isa = XCConfigurationList;
			buildConfigurations = (
				6183B1882BECD4510008EF1E /* Debug */,
				6183B1892BECD4510008EF1E /* Release */,
			);
			defaultConfigurationIsVisible = 0;
			defaultConfigurationName = Release;
		};
/* End XCConfigurationList section */

/* Begin XCRemoteSwiftPackageReference section */
		61BD8EE82BF1D71B007C8339 /* XCRemoteSwiftPackageReference "GzipSwift" */ = {
			isa = XCRemoteSwiftPackageReference;
			repositoryURL = "https://github.com/1024jp/GzipSwift.git";
			requirement = {
				kind = upToNextMajorVersion;
				minimumVersion = 5.0.0;
			};
		};
/* End XCRemoteSwiftPackageReference section */

/* Begin XCSwiftPackageProductDependency section */
		61BD8EE92BF1D71B007C8339 /* Gzip */ = {
			isa = XCSwiftPackageProductDependency;
			package = 61BD8EE82BF1D71B007C8339 /* XCRemoteSwiftPackageReference "GzipSwift" */;
			productName = Gzip;
		};
/* End XCSwiftPackageProductDependency section */
	};
	rootObject = 6183B1542BECD44F0008EF1E /* Project object */;
}
